<Solution>
  <Folder Name="/src/">
    <Project Path="src/HospitalManagement.Application.Contracts/HospitalManagement.Application.Contracts.csproj" />
    <Project Path="src/HospitalManagement.Application/HospitalManagement.Application.csproj" />
    <Project Path="src/HospitalManagement.DbMigrator/HospitalManagement.DbMigrator.csproj" />
    <Project Path="src/HospitalManagement.Domain.Shared/HospitalManagement.Domain.Shared.csproj" />
    <Project Path="src/HospitalManagement.Domain/HospitalManagement.Domain.csproj" />
    <Project Path="src/HospitalManagement.EntityFrameworkCore/HospitalManagement.EntityFrameworkCore.csproj" />
    <Project Path="src/HospitalManagement.HttpApi.Client/HospitalManagement.HttpApi.Client.csproj" />
    <Project Path="src/HospitalManagement.HttpApi/HospitalManagement.HttpApi.csproj" />
    <Project Path="src/HospitalManagement.Web/HospitalManagement.Web.csproj" />
  </Folder>
  <Folder Name="/test/">
    <Project Path="test/HospitalManagement.Application.Tests/HospitalManagement.Application.Tests.csproj" />
    <Project Path="test/HospitalManagement.Domain.Tests/HospitalManagement.Domain.Tests.csproj" />
    <Project Path="test/HospitalManagement.EntityFrameworkCore.Tests/HospitalManagement.EntityFrameworkCore.Tests.csproj" />
    <Project Path="test/HospitalManagement.HttpApi.Client.ConsoleTestApp/HospitalManagement.HttpApi.Client.ConsoleTestApp.csproj" />
    <Project Path="test/HospitalManagement.TestBase/HospitalManagement.TestBase.csproj" />
    <Project Path="test/HospitalManagement.Web.Tests/HospitalManagement.Web.Tests.csproj" />
  </Folder>
</Solution>